
Microsoft Visual Studio Solution File, Format Version 12.00
# Visual Studio Version 16
VisualStudioVersion = 16.0.30804.86
MinimumVisualStudioVersion = 10.0.40219.1
Project("{FAE04EC0-301F-11D3-BF4B-00C04F79EFBC}") = "WebApplication1", "WebApplication1\WebApplication1.csproj", "{040EFBA3-6548-4387-988C-625A2527484D}"
EndProject
Global
	GlobalSection(SolutionConfigurationPlatforms) = preSolution
		Debug|Any CPU = Debug|Any CPU
		Release|Any CPU = Release|Any CPU
	EndGlobalSection
	GlobalSection(ProjectConfigurationPlatforms) = postSolution
		{040EFBA3-6548-4387-988C-625A2527484D}.Debug|Any CPU.ActiveCfg = Debug|Any CPU
		{040EFBA3-6548-4387-988C-625A2527484D}.Debug|Any CPU.Build.0 = Debug|Any CPU
		{040EFBA3-6548-4387-988C-625A2527484D}.Release|Any CPU.ActiveCfg = Release|Any CPU
		{040EFBA3-6548-4387-988C-625A2527484D}.Release|Any CPU.Build.0 = Release|Any CPU
	EndGlobalSection
	GlobalSection(SolutionProperties) = preSolution
		HideSolutionNode = FALSE
	EndGlobalSection
	GlobalSection(ExtensibilityGlobals) = postSolution
		SolutionGuid = {6FF22AAA-1034-4159-8BA4-2BFA87F412A0}
	EndGlobalSection
EndGlobal
